
Microsoft Visual Studio Solution File, Format Version 12.00
# Visual Studio Version 17
VisualStudioVersion = 17.10.34916.146
MinimumVisualStudioVersion = 10.0.40219.1
Project("{FAE04EC0-301F-11D3-BF4B-00C04F79EFBC}") = "Zadatak 5", "Zadatak 5\Zadatak 5.csproj", "{7A59941B-711B-42AF-A479-7B94B6118811}"
EndProject
Global
	GlobalSection(SolutionConfigurationPlatforms) = preSolution
		Debug|Any CPU = Debug|Any CPU
		Release|Any CPU = Release|Any CPU
	EndGlobalSection
	GlobalSection(ProjectConfigurationPlatforms) = postSolution
		{7A59941B-711B-42AF-A479-7B94B6118811}.Debug|Any CPU.ActiveCfg = Debug|Any CPU
		{7A59941B-711B-42AF-A479-7B94B6118811}.Debug|Any CPU.Build.0 = Debug|Any CPU
		{7A59941B-711B-42AF-A479-7B94B6118811}.Release|Any CPU.ActiveCfg = Release|Any CPU
		{7A59941B-711B-42AF-A479-7B94B6118811}.Release|Any CPU.Build.0 = Release|Any CPU
	EndGlobalSection
	GlobalSection(SolutionProperties) = preSolution
		HideSolutionNode = FALSE
	EndGlobalSection
	GlobalSection(ExtensibilityGlobals) = postSolution
		SolutionGuid = {EDE7569F-1304-4E37-A9C2-D4EA0A8DE9EB}
	EndGlobalSection
EndGlobal
